
Microsoft Visual Studio Solution File, Format Version 12.00
# Visual Studio Version 17
VisualStudioVersion = 17.5.002.0
MinimumVisualStudioVersion = 10.0.40219.1
Project("{9A19103F-16F7-4668-BE54-9A1E7A4F7556}") = "BlockchainTicketsAPI", "BlockchainTicketsAPI\BlockchainTicketsAPI.csproj", "{BB302A86-1B6B-4CFD-B6BF-4F31FCAFAA5D}"
EndProject
Global
	GlobalSection(SolutionConfigurationPlatforms) = preSolution
		Debug|Any CPU = Debug|Any CPU
		Release|Any CPU = Release|Any CPU
	EndGlobalSection
	GlobalSection(ProjectConfigurationPlatforms) = postSolution
		{BB302A86-1B6B-4CFD-B6BF-4F31FCAFAA5D}.Debug|Any CPU.ActiveCfg = Debug|Any CPU
		{BB302A86-1B6B-4CFD-B6BF-4F31FCAFAA5D}.Debug|Any CPU.Build.0 = Debug|Any CPU
		{BB302A86-1B6B-4CFD-B6BF-4F31FCAFAA5D}.Release|Any CPU.ActiveCfg = Release|Any CPU
		{BB302A86-1B6B-4CFD-B6BF-4F31FCAFAA5D}.Release|Any CPU.Build.0 = Release|Any CPU
	EndGlobalSection
	GlobalSection(SolutionProperties) = preSolution
		HideSolutionNode = FALSE
	EndGlobalSection
	GlobalSection(ExtensibilityGlobals) = postSolution
		SolutionGuid = {07A612FA-3F4D-4123-A5C0-CB87C8A9687A}
	EndGlobalSection
EndGlobal
